
Microsoft Visual Studio Solution File, Format Version 12.00
# Visual Studio Version 16
VisualStudioVersion = 16.0.30114.105
MinimumVisualStudioVersion = 10.0.40219.1
Project("{FAE04EC0-301F-11D3-BF4B-00C04F79EFBC}") = "ProActivity.API", "ProActivity.API\ProActivity.API.csproj", "{3114DB33-D102-44F3-B100-7D8BBA73F37F}"
EndProject
Project("{FAE04EC0-301F-11D3-BF4B-00C04F79EFBC}") = "ProActivity.Data", "ProActivity.Data\ProActivity.Data.csproj", "{E64455BE-371E-4A64-B2EC-72CC84A044CA}"
EndProject
Project("{FAE04EC0-301F-11D3-BF4B-00C04F79EFBC}") = "ProActivity.Domain", "ProActivity.Domain\ProActivity.Domain.csproj", "{21623B70-4624-4F0B-A585-5B1FC08FB62A}"
EndProject
Global
	GlobalSection(SolutionConfigurationPlatforms) = preSolution
		Debug|Any CPU = Debug|Any CPU
		Debug|x64 = Debug|x64
		Debug|x86 = Debug|x86
		Release|Any CPU = Release|Any CPU
		Release|x64 = Release|x64
		Release|x86 = Release|x86
	EndGlobalSection
	GlobalSection(SolutionProperties) = preSolution
		HideSolutionNode = FALSE
	EndGlobalSection
	GlobalSection(ProjectConfigurationPlatforms) = postSolution
		{3114DB33-D102-44F3-B100-7D8BBA73F37F}.Debug|Any CPU.ActiveCfg = Debug|Any CPU
		{3114DB33-D102-44F3-B100-7D8BBA73F37F}.Debug|Any CPU.Build.0 = Debug|Any CPU
		{3114DB33-D102-44F3-B100-7D8BBA73F37F}.Debug|x64.ActiveCfg = Debug|Any CPU
		{3114DB33-D102-44F3-B100-7D8BBA73F37F}.Debug|x64.Build.0 = Debug|Any CPU
		{3114DB33-D102-44F3-B100-7D8BBA73F37F}.Debug|x86.ActiveCfg = Debug|Any CPU
		{3114DB33-D102-44F3-B100-7D8BBA73F37F}.Debug|x86.Build.0 = Debug|Any CPU
		{3114DB33-D102-44F3-B100-7D8BBA73F37F}.Release|Any CPU.ActiveCfg = Release|Any CPU
		{3114DB33-D102-44F3-B100-7D8BBA73F37F}.Release|Any CPU.Build.0 = Release|Any CPU
		{3114DB33-D102-44F3-B100-7D8BBA73F37F}.Release|x64.ActiveCfg = Release|Any CPU
		{3114DB33-D102-44F3-B100-7D8BBA73F37F}.Release|x64.Build.0 = Release|Any CPU
		{3114DB33-D102-44F3-B100-7D8BBA73F37F}.Release|x86.ActiveCfg = Release|Any CPU
		{3114DB33-D102-44F3-B100-7D8BBA73F37F}.Release|x86.Build.0 = Release|Any CPU
		{E64455BE-371E-4A64-B2EC-72CC84A044CA}.Debug|Any CPU.ActiveCfg = Debug|Any CPU
		{E64455BE-371E-4A64-B2EC-72CC84A044CA}.Debug|Any CPU.Build.0 = Debug|Any CPU
		{E64455BE-371E-4A64-B2EC-72CC84A044CA}.Debug|x64.ActiveCfg = Debug|Any CPU
		{E64455BE-371E-4A64-B2EC-72CC84A044CA}.Debug|x64.Build.0 = Debug|Any CPU
		{E64455BE-371E-4A64-B2EC-72CC84A044CA}.Debug|x86.ActiveCfg = Debug|Any CPU
		{E64455BE-371E-4A64-B2EC-72CC84A044CA}.Debug|x86.Build.0 = Debug|Any CPU
		{E64455BE-371E-4A64-B2EC-72CC84A044CA}.Release|Any CPU.ActiveCfg = Release|Any CPU
		{E64455BE-371E-4A64-B2EC-72CC84A044CA}.Release|Any CPU.Build.0 = Release|Any CPU
		{E64455BE-371E-4A64-B2EC-72CC84A044CA}.Release|x64.ActiveCfg = Release|Any CPU
		{E64455BE-371E-4A64-B2EC-72CC84A044CA}.Release|x64.Build.0 = Release|Any CPU
		{E64455BE-371E-4A64-B2EC-72CC84A044CA}.Release|x86.ActiveCfg = Release|Any CPU
		{E64455BE-371E-4A64-B2EC-72CC84A044CA}.Release|x86.Build.0 = Release|Any CPU
		{21623B70-4624-4F0B-A585-5B1FC08FB62A}.Debug|Any CPU.ActiveCfg = Debug|Any CPU
		{21623B70-4624-4F0B-A585-5B1FC08FB62A}.Debug|Any CPU.Build.0 = Debug|Any CPU
		{21623B70-4624-4F0B-A585-5B1FC08FB62A}.Debug|x64.ActiveCfg = Debug|Any CPU
		{21623B70-4624-4F0B-A585-5B1FC08FB62A}.Debug|x64.Build.0 = Debug|Any CPU
		{21623B70-4624-4F0B-A585-5B1FC08FB62A}.Debug|x86.ActiveCfg = Debug|Any CPU
		{21623B70-4624-4F0B-A585-5B1FC08FB62A}.Debug|x86.Build.0 = Debug|Any CPU
		{21623B70-4624-4F0B-A585-5B1FC08FB62A}.Release|Any CPU.ActiveCfg = Release|Any CPU
		{21623B70-4624-4F0B-A585-5B1FC08FB62A}.Release|Any CPU.Build.0 = Release|Any CPU
		{21623B70-4624-4F0B-A585-5B1FC08FB62A}.Release|x64.ActiveCfg = Release|Any CPU
		{21623B70-4624-4F0B-A585-5B1FC08FB62A}.Release|x64.Build.0 = Release|Any CPU
		{21623B70-4624-4F0B-A585-5B1FC08FB62A}.Release|x86.ActiveCfg = Release|Any CPU
		{21623B70-4624-4F0B-A585-5B1FC08FB62A}.Release|x86.Build.0 = Release|Any CPU
	EndGlobalSection
EndGlobal
